
Microsoft Visual Studio Solution File, Format Version 12.00
# Visual Studio Version 17
VisualStudioVersion = 17.5.002.0
MinimumVisualStudioVersion = 10.0.40219.1
Project("{2150E333-8FDC-42A3-9474-1A3956D46DE8}") = "Labfiles", "Labfiles", "{E9D5BFE9-E347-467B-A60A-FB9B08D691EA}"
EndProject
Project("{2150E333-8FDC-42A3-9474-1A3956D46DE8}") = "01-analyze-text", "01-analyze-text", "{8DE7D79A-DC9D-403E-A3AD-E8A062AFE22E}"
EndProject
Project("{2150E333-8FDC-42A3-9474-1A3956D46DE8}") = "C-Sharp", "C-Sharp", "{2A70411D-B000-4A42-B995-E361921F91A3}"
EndProject
Project("{9A19103F-16F7-4668-BE54-9A1E7A4F7556}") = "text-analysis", "Labfiles\01-analyze-text\C-Sharp\text-analysis\text-analysis.csproj", "{4432C84A-A273-40B2-9961-9116349FF55E}"
EndProject
Project("{2150E333-8FDC-42A3-9474-1A3956D46DE8}") = "02-qna", "02-qna", "{6361446E-D2D9-4D17-8714-267334EC9A08}"
EndProject
Project("{2150E333-8FDC-42A3-9474-1A3956D46DE8}") = "C-Sharp", "C-Sharp", "{329ABEA5-2D07-49C5-B702-CA0F087D15EE}"
EndProject
Project("{9A19103F-16F7-4668-BE54-9A1E7A4F7556}") = "qna-app", "Labfiles\02-qna\C-Sharp\qna-app\qna-app.csproj", "{FD8ED8CB-56F3-4274-8136-40B3313CC28E}"
EndProject
Project("{2150E333-8FDC-42A3-9474-1A3956D46DE8}") = "03-language", "03-language", "{855EB47A-0C4A-4A34-88B8-B661767A8108}"
EndProject
Project("{2150E333-8FDC-42A3-9474-1A3956D46DE8}") = "C-Sharp", "C-Sharp", "{5D4021A7-4D24-4601-AE68-E6B1D1005476}"
EndProject
Project("{9A19103F-16F7-4668-BE54-9A1E7A4F7556}") = "clock_client", "Labfiles\03-language\C-Sharp\clock-client\clock_client.csproj", "{5CBCE7E5-C34A-467E-BA78-1E59E44F2C18}"
EndProject
Project("{2150E333-8FDC-42A3-9474-1A3956D46DE8}") = "04-text-classification", "04-text-classification", "{69E1ED34-175A-4B7B-93A7-57074FCC045D}"
EndProject
Project("{2150E333-8FDC-42A3-9474-1A3956D46DE8}") = "C-Sharp", "C-Sharp", "{81057BEB-CB16-4E38-86DA-62E90109A420}"
EndProject
Project("{9A19103F-16F7-4668-BE54-9A1E7A4F7556}") = "classify-text", "Labfiles\04-text-classification\C-Sharp\classify-text\classify-text.csproj", "{753216F4-D4C2-421E-BC67-390A1027137A}"
EndProject
Project("{2150E333-8FDC-42A3-9474-1A3956D46DE8}") = "05-custom-entity-recognition", "05-custom-entity-recognition", "{6F4360B7-BF46-495B-954B-D29F74C2ED10}"
EndProject
Project("{2150E333-8FDC-42A3-9474-1A3956D46DE8}") = "C-Sharp", "C-Sharp", "{2715A1C8-B7A7-4098-91D2-36A167FC732D}"
EndProject
Project("{9A19103F-16F7-4668-BE54-9A1E7A4F7556}") = "custom-entities", "Labfiles\05-custom-entity-recognition\C-Sharp\custom-entities\custom-entities.csproj", "{AD828113-22F1-41E8-AA34-8F28631EAE6F}"
EndProject
Project("{2150E333-8FDC-42A3-9474-1A3956D46DE8}") = "06-translate-text", "06-translate-text", "{00DB8C52-8C23-40B8-8358-C8C7A57F12C9}"
EndProject
Project("{2150E333-8FDC-42A3-9474-1A3956D46DE8}") = "C-Sharp", "C-Sharp", "{5DD3312E-71D5-4199-995A-3273C7FBA48B}"
EndProject
Project("{9A19103F-16F7-4668-BE54-9A1E7A4F7556}") = "translate_text", "Labfiles\06-translate-text\C-Sharp\text-translation\translate_text.csproj", "{8745C0FE-6C85-4C93-AA2A-9EF01C8AC542}"
EndProject
Project("{2150E333-8FDC-42A3-9474-1A3956D46DE8}") = "06b-translator-sdk", "06b-translator-sdk", "{35485038-9457-4DA6-87B3-CE5F2BDDBB0D}"
EndProject
Project("{2150E333-8FDC-42A3-9474-1A3956D46DE8}") = "C-Sharp", "C-Sharp", "{A93BBDDD-CDAA-406C-9291-1389A08604A5}"
EndProject
Project("{9A19103F-16F7-4668-BE54-9A1E7A4F7556}") = "translate_text", "Labfiles\06b-translator-sdk\C-Sharp\translate-text\translate_text.csproj", "{8439ADD3-EE89-423E-983E-27AF4F292ED3}"
EndProject
Project("{2150E333-8FDC-42A3-9474-1A3956D46DE8}") = "07-speech", "07-speech", "{C89662F7-96D5-4274-9CAC-4C844BC50505}"
EndProject
Project("{2150E333-8FDC-42A3-9474-1A3956D46DE8}") = "C-Sharp", "C-Sharp", "{5DBC6BC1-EBBD-4B90-AF9A-5BF73E7A088B}"
EndProject
Project("{9A19103F-16F7-4668-BE54-9A1E7A4F7556}") = "speaking-clock", "Labfiles\07-speech\C-Sharp\speaking-clock\speaking-clock.csproj", "{BB761E13-EA50-453D-A823-BCB85C8238B1}"
EndProject
Project("{2150E333-8FDC-42A3-9474-1A3956D46DE8}") = "08-speech-translation", "08-speech-translation", "{83EAE34E-067A-4E18-8602-658780CAE331}"
EndProject
Project("{2150E333-8FDC-42A3-9474-1A3956D46DE8}") = "C-Sharp", "C-Sharp", "{13CA4263-2FD1-4930-8332-2A17F5E98D4A}"
EndProject
Project("{9A19103F-16F7-4668-BE54-9A1E7A4F7556}") = "translator", "Labfiles\08-speech-translation\C-Sharp\translator\translator.csproj", "{E134EE7D-6092-4BD7-AA49-F0378E6F3490}"
EndProject
Global
	GlobalSection(SolutionConfigurationPlatforms) = preSolution
		Debug|Any CPU = Debug|Any CPU
		Release|Any CPU = Release|Any CPU
	EndGlobalSection
	GlobalSection(ProjectConfigurationPlatforms) = postSolution
		{4432C84A-A273-40B2-9961-9116349FF55E}.Debug|Any CPU.ActiveCfg = Debug|Any CPU
		{4432C84A-A273-40B2-9961-9116349FF55E}.Debug|Any CPU.Build.0 = Debug|Any CPU
		{4432C84A-A273-40B2-9961-9116349FF55E}.Release|Any CPU.ActiveCfg = Release|Any CPU
		{4432C84A-A273-40B2-9961-9116349FF55E}.Release|Any CPU.Build.0 = Release|Any CPU
		{FD8ED8CB-56F3-4274-8136-40B3313CC28E}.Debug|Any CPU.ActiveCfg = Debug|Any CPU
		{FD8ED8CB-56F3-4274-8136-40B3313CC28E}.Debug|Any CPU.Build.0 = Debug|Any CPU
		{FD8ED8CB-56F3-4274-8136-40B3313CC28E}.Release|Any CPU.ActiveCfg = Release|Any CPU
		{FD8ED8CB-56F3-4274-8136-40B3313CC28E}.Release|Any CPU.Build.0 = Release|Any CPU
		{5CBCE7E5-C34A-467E-BA78-1E59E44F2C18}.Debug|Any CPU.ActiveCfg = Debug|Any CPU
		{5CBCE7E5-C34A-467E-BA78-1E59E44F2C18}.Debug|Any CPU.Build.0 = Debug|Any CPU
		{5CBCE7E5-C34A-467E-BA78-1E59E44F2C18}.Release|Any CPU.ActiveCfg = Release|Any CPU
		{5CBCE7E5-C34A-467E-BA78-1E59E44F2C18}.Release|Any CPU.Build.0 = Release|Any CPU
		{753216F4-D4C2-421E-BC67-390A1027137A}.Debug|Any CPU.ActiveCfg = Debug|Any CPU
		{753216F4-D4C2-421E-BC67-390A1027137A}.Debug|Any CPU.Build.0 = Debug|Any CPU
		{753216F4-D4C2-421E-BC67-390A1027137A}.Release|Any CPU.ActiveCfg = Release|Any CPU
		{753216F4-D4C2-421E-BC67-390A1027137A}.Release|Any CPU.Build.0 = Release|Any CPU
		{AD828113-22F1-41E8-AA34-8F28631EAE6F}.Debug|Any CPU.ActiveCfg = Debug|Any CPU
		{AD828113-22F1-41E8-AA34-8F28631EAE6F}.Debug|Any CPU.Build.0 = Debug|Any CPU
		{AD828113-22F1-41E8-AA34-8F28631EAE6F}.Release|Any CPU.ActiveCfg = Release|Any CPU
		{AD828113-22F1-41E8-AA34-8F28631EAE6F}.Release|Any CPU.Build.0 = Release|Any CPU
		{8745C0FE-6C85-4C93-AA2A-9EF01C8AC542}.Debug|Any CPU.ActiveCfg = Debug|Any CPU
		{8745C0FE-6C85-4C93-AA2A-9EF01C8AC542}.Debug|Any CPU.Build.0 = Debug|Any CPU
		{8745C0FE-6C85-4C93-AA2A-9EF01C8AC542}.Release|Any CPU.ActiveCfg = Release|Any CPU
		{8745C0FE-6C85-4C93-AA2A-9EF01C8AC542}.Release|Any CPU.Build.0 = Release|Any CPU
		{8439ADD3-EE89-423E-983E-27AF4F292ED3}.Debug|Any CPU.ActiveCfg = Debug|Any CPU
		{8439ADD3-EE89-423E-983E-27AF4F292ED3}.Debug|Any CPU.Build.0 = Debug|Any CPU
		{8439ADD3-EE89-423E-983E-27AF4F292ED3}.Release|Any CPU.ActiveCfg = Release|Any CPU
		{8439ADD3-EE89-423E-983E-27AF4F292ED3}.Release|Any CPU.Build.0 = Release|Any CPU
		{BB761E13-EA50-453D-A823-BCB85C8238B1}.Debug|Any CPU.ActiveCfg = Debug|Any CPU
		{BB761E13-EA50-453D-A823-BCB85C8238B1}.Debug|Any CPU.Build.0 = Debug|Any CPU
		{BB761E13-EA50-453D-A823-BCB85C8238B1}.Release|Any CPU.ActiveCfg = Release|Any CPU
		{BB761E13-EA50-453D-A823-BCB85C8238B1}.Release|Any CPU.Build.0 = Release|Any CPU
		{E134EE7D-6092-4BD7-AA49-F0378E6F3490}.Debug|Any CPU.ActiveCfg = Debug|Any CPU
		{E134EE7D-6092-4BD7-AA49-F0378E6F3490}.Debug|Any CPU.Build.0 = Debug|Any CPU
		{E134EE7D-6092-4BD7-AA49-F0378E6F3490}.Release|Any CPU.ActiveCfg = Release|Any CPU
		{E134EE7D-6092-4BD7-AA49-F0378E6F3490}.Release|Any CPU.Build.0 = Release|Any CPU
	EndGlobalSection
	GlobalSection(SolutionProperties) = preSolution
		HideSolutionNode = FALSE
	EndGlobalSection
	GlobalSection(NestedProjects) = preSolution
		{8DE7D79A-DC9D-403E-A3AD-E8A062AFE22E} = {E9D5BFE9-E347-467B-A60A-FB9B08D691EA}
		{2A70411D-B000-4A42-B995-E361921F91A3} = {8DE7D79A-DC9D-403E-A3AD-E8A062AFE22E}
		{4432C84A-A273-40B2-9961-9116349FF55E} = {2A70411D-B000-4A42-B995-E361921F91A3}
		{6361446E-D2D9-4D17-8714-267334EC9A08} = {E9D5BFE9-E347-467B-A60A-FB9B08D691EA}
		{329ABEA5-2D07-49C5-B702-CA0F087D15EE} = {6361446E-D2D9-4D17-8714-267334EC9A08}
		{FD8ED8CB-56F3-4274-8136-40B3313CC28E} = {329ABEA5-2D07-49C5-B702-CA0F087D15EE}
		{855EB47A-0C4A-4A34-88B8-B661767A8108} = {E9D5BFE9-E347-467B-A60A-FB9B08D691EA}
		{5D4021A7-4D24-4601-AE68-E6B1D1005476} = {855EB47A-0C4A-4A34-88B8-B661767A8108}
		{5CBCE7E5-C34A-467E-BA78-1E59E44F2C18} = {5D4021A7-4D24-4601-AE68-E6B1D1005476}
		{69E1ED34-175A-4B7B-93A7-57074FCC045D} = {E9D5BFE9-E347-467B-A60A-FB9B08D691EA}
		{81057BEB-CB16-4E38-86DA-62E90109A420} = {69E1ED34-175A-4B7B-93A7-57074FCC045D}
		{753216F4-D4C2-421E-BC67-390A1027137A} = {81057BEB-CB16-4E38-86DA-62E90109A420}
		{6F4360B7-BF46-495B-954B-D29F74C2ED10} = {E9D5BFE9-E347-467B-A60A-FB9B08D691EA}
		{2715A1C8-B7A7-4098-91D2-36A167FC732D} = {6F4360B7-BF46-495B-954B-D29F74C2ED10}
		{AD828113-22F1-41E8-AA34-8F28631EAE6F} = {2715A1C8-B7A7-4098-91D2-36A167FC732D}
		{00DB8C52-8C23-40B8-8358-C8C7A57F12C9} = {E9D5BFE9-E347-467B-A60A-FB9B08D691EA}
		{5DD3312E-71D5-4199-995A-3273C7FBA48B} = {00DB8C52-8C23-40B8-8358-C8C7A57F12C9}
		{8745C0FE-6C85-4C93-AA2A-9EF01C8AC542} = {5DD3312E-71D5-4199-995A-3273C7FBA48B}
		{35485038-9457-4DA6-87B3-CE5F2BDDBB0D} = {E9D5BFE9-E347-467B-A60A-FB9B08D691EA}
		{A93BBDDD-CDAA-406C-9291-1389A08604A5} = {35485038-9457-4DA6-87B3-CE5F2BDDBB0D}
		{8439ADD3-EE89-423E-983E-27AF4F292ED3} = {A93BBDDD-CDAA-406C-9291-1389A08604A5}
		{C89662F7-96D5-4274-9CAC-4C844BC50505} = {E9D5BFE9-E347-467B-A60A-FB9B08D691EA}
		{5DBC6BC1-EBBD-4B90-AF9A-5BF73E7A088B} = {C89662F7-96D5-4274-9CAC-4C844BC50505}
		{BB761E13-EA50-453D-A823-BCB85C8238B1} = {5DBC6BC1-EBBD-4B90-AF9A-5BF73E7A088B}
		{83EAE34E-067A-4E18-8602-658780CAE331} = {E9D5BFE9-E347-467B-A60A-FB9B08D691EA}
		{13CA4263-2FD1-4930-8332-2A17F5E98D4A} = {83EAE34E-067A-4E18-8602-658780CAE331}
		{E134EE7D-6092-4BD7-AA49-F0378E6F3490} = {13CA4263-2FD1-4930-8332-2A17F5E98D4A}
	EndGlobalSection
	GlobalSection(ExtensibilityGlobals) = postSolution
		SolutionGuid = {2E119149-2E0D-44A3-B951-23DC200977E2}
	EndGlobalSection
EndGlobal
